// !$*UTF8*$!
{
	archiveVersion = 1;
	classes = {
	};
	objectVersion = 48;
	objects = {

/* Begin PBXBuildFile section */
		2A259E202035381A004F82C4 /* AppDelegate.swift in Sources */ = {isa = PBXBuildFile; fileRef = 2A259E1F2035381A004F82C4 /* AppDelegate.swift */; };
		2A259E222035381A004F82C4 /* ViewController.swift in Sources */ = {isa = PBXBuildFile; fileRef = 2A259E212035381A004F82C4 /* ViewController.swift */; };
		2A259E252035381A004F82C4 /* Main.storyboard in Resources */ = {isa = PBXBuildFile; fileRef = 2A259E232035381A004F82C4 /* Main.storyboard */; };
		2A259E272035381A004F82C4 /* Assets.xcassets in Resources */ = {isa = PBXBuildFile; fileRef = 2A259E262035381A004F82C4 /* Assets.xcassets */; };
		2A259E2A2035381A004F82C4 /* LaunchScreen.storyboard in Resources */ = {isa = PBXBuildFile; fileRef = 2A259E282035381A004F82C4 /* LaunchScreen.storyboard */; };
		2A259E352035381B004F82C4 /* testTests.swift in Sources */ = {isa = PBXBuildFile; fileRef = 2A259E342035381B004F82C4 /* testTests.swift */; };
		2A259E402035381B004F82C4 /* testUITests.swift in Sources */ = {isa = PBXBuildFile; fileRef = 2A259E3F2035381B004F82C4 /* testUITests.swift */; };
/* End PBXBuildFile section */

/* Begin PBXContainerItemProxy section */
		2A259E312035381B004F82C4 /* PBXContainerItemProxy */ = {
			isa = PBXContainerItemProxy;
			containerPortal = 2A259E142035381A004F82C4 /* Project object */;
			proxyType = 1;
			remoteGlobalIDString = 2A259E1B2035381A004F82C4;
			remoteInfo = test;
		};
		2A259E3C2035381B004F82C4 /* PBXContainerItemProxy */ = {
			isa = PBXContainerItemProxy;
			containerPortal = 2A259E142035381A004F82C4 /* Project object */;
			proxyType = 1;
			remoteGlobalIDString = 2A259E1B2035381A004F82C4;
			remoteInfo = test;
		};
/* End PBXContainerItemProxy section */

/* Begin PBXFileReference section */
		2A259E1C2035381A004F82C4 /* test.app */ = {isa = PBXFileReference; explicitFileType = wrapper.application; includeInIndex = 0; path = test.app; sourceTree = BUILT_PRODUCTS_DIR; };
		2A259E1F2035381A004F82C4 /* AppDelegate.swift */ = {isa = PBXFileReference; lastKnownFileType = sourcecode.swift; path = AppDelegate.swift; sourceTree = "<group>"; };
		2A259E212035381A004F82C4 /* ViewController.swift */ = {isa = PBXFileReference; lastKnownFileType = sourcecode.swift; path = ViewController.swift; sourceTree = "<group>"; };
		2A259E242035381A004F82C4 /* Base */ = {isa = PBXFileReference; lastKnownFileType = file.storyboard; name = Base; path = Base.lproj/Main.storyboard; sourceTree = "<group>"; };
		2A259E262035381A004F82C4 /* Assets.xcassets */ = {isa = PBXFileReference; lastKnownFileType = folder.assetcatalog; path = Assets.xcassets; sourceTree = "<group>"; };
		2A259E292035381A004F82C4 /* Base */ = {isa = PBXFileReference; lastKnownFileType = file.storyboard; name = Base; path = Base.lproj/LaunchScreen.storyboard; sourceTree = "<group>"; };
		2A259E2B2035381A004F82C4 /* Info.plist */ = {isa = PBXFileReference; lastKnownFileType = text.plist.xml; path = Info.plist; sourceTree = "<group>"; };
		2A259E302035381B004F82C4 /* testTests.xctest */ = {isa = PBXFileReference; explicitFileType = wrapper.cfbundle; includeInIndex = 0; path = testTests.xctest; sourceTree = BUILT_PRODUCTS_DIR; };
		2A259E342035381B004F82C4 /* testTests.swift */ = {isa = PBXFileReference; lastKnownFileType = sourcecode.swift; path = testTests.swift; sourceTree = "<group>"; };
		2A259E362035381B004F82C4 /* Info.plist */ = {isa = PBXFileReference; lastKnownFileType = text.plist.xml; path = Info.plist; sourceTree = "<group>"; };
		2A259E3B2035381B004F82C4 /* testUITests.xctest */ = {isa = PBXFileReference; explicitFileType = wrapper.cfbundle; includeInIndex = 0; path = testUITests.xctest; sourceTree = BUILT_PRODUCTS_DIR; };
		2A259E3F2035381B004F82C4 /* testUITests.swift */ = {isa = PBXFileReference; lastKnownFileType = sourcecode.swift; path = testUITests.swift; sourceTree = "<group>"; };
		2A259E412035381B004F82C4 /* Info.plist */ = {isa = PBXFileReference; lastKnownFileType = text.plist.xml; path = Info.plist; sourceTree = "<group>"; };
/* End PBXFileReference section */

/* Begin PBXFrameworksBuildPhase section */
		2A259E192035381A004F82C4 /* Frameworks */ = {
			isa = PBXFrameworksBuildPhase;
			buildActionMask = 2147483647;
			files = (
			);
			runOnlyForDeploymentPostprocessing = 0;
		};
		2A259E2D2035381B004F82C4 /* Frameworks */ = {
			isa = PBXFrameworksBuildPhase;
			buildActionMask = 2147483647;
			files = (
			);
			runOnlyForDeploymentPostprocessing = 0;
		};
		2A259E382035381B004F82C4 /* Frameworks */ = {
			isa = PBXFrameworksBuildPhase;
			buildActionMask = 2147483647;
			files = (
			);
			runOnlyForDeploymentPostprocessing = 0;
		};
/* End PBXFrameworksBuildPhase section */

/* Begin PBXGroup section */
		2A259E132035381A004F82C4 = {
			isa = PBXGroup;
			children = (
				2A259E1E2035381A004F82C4 /* test */,
				2A259E332035381B004F82C4 /* testTests */,
				2A259E3E2035381B004F82C4 /* testUITests */,
				2A259E1D2035381A004F82C4 /* Products */,
			);
			sourceTree = "<group>";
		};
		2A259E1D2035381A004F82C4 /* Products */ = {
			isa = PBXGroup;
			children = (
				2A259E1C2035381A004F82C4 /* test.app */,
				2A259E302035381B004F82C4 /* testTests.xctest */,
				2A259E3B2035381B004F82C4 /* testUITests.xctest */,
			);
			name = Products;
			sourceTree = "<group>";
		};
		2A259E1E2035381A004F82C4 /* test */ = {
			isa = PBXGroup;
			children = (
				2A259E1F2035381A004F82C4 /* AppDelegate.swift */,
				2A259E212035381A004F82C4 /* ViewController.swift */,
				2A259E232035381A004F82C4 /* Main.storyboard */,
				2A259E262035381A004F82C4 /* Assets.xcassets */,
				2A259E282035381A004F82C4 /* LaunchScreen.storyboard */,
				2A259E2B2035381A004F82C4 /* Info.plist */,
			);
			path = test;
			sourceTree = "<group>";
		};
		2A259E332035381B004F82C4 /* testTests */ = {
			isa = PBXGroup;
			children = (
				2A259E342035381B004F82C4 /* testTests.swift */,
				2A259E362035381B004F82C4 /* Info.plist */,
			);
			path = testTests;
			sourceTree = "<group>";
		};
		2A259E3E2035381B004F82C4 /* testUITests */ = {
			isa = PBXGroup;
			children = (
				2A259E3F2035381B004F82C4 /* testUITests.swift */,
				2A259E412035381B004F82C4 /* Info.plist */,
			);
			path = testUITests;
			sourceTree = "<group>";
		};
/* End PBXGroup section */

/* Begin PBXNativeTarget section */
		2A259E1B2035381A004F82C4 /* test */ = {
			isa = PBXNativeTarget;
			buildConfigurationList = 2A259E442035381B004F82C4 /* Build configuration list for PBXNativeTarget "test" */;
			buildPhases = (
				2A259E182035381A004F82C4 /* Sources */,
				2A259E192035381A004F82C4 /* Frameworks */,
				2A259E1A2035381A004F82C4 /* Resources */,
			);
			buildRules = (
			);
			dependencies = (
			);
			name = test;
			productName = test;
			productReference = 2A259E1C2035381A004F82C4 /* test.app */;
			productType = "com.apple.product-type.application";
		};
		2A259E2F2035381B004F82C4 /* testTests */ = {
			isa = PBXNativeTarget;
			buildConfigurationList = 2A259E472035381B004F82C4 /* Build configuration list for PBXNativeTarget "testTests" */;
			buildPhases = (
				2A259E2C2035381B004F82C4 /* Sources */,
				2A259E2D2035381B004F82C4 /* Frameworks */,
				2A259E2E2035381B004F82C4 /* Resources */,
			);
			buildRules = (
			);
			dependencies = (
				2A259E322035381B004F82C4 /* PBXTargetDependency */,
			);
			name = testTests;
			productName = testTests;
			productReference = 2A259E302035381B004F82C4 /* testTests.xctest */;
			productType = "com.apple.product-type.bundle.unit-test";
		};
		2A259E3A2035381B004F82C4 /* testUITests */ = {
			isa = PBXNativeTarget;
			buildConfigurationList = 2A259E4A2035381B004F82C4 /* Build configuration list for PBXNativeTarget "testUITests" */;
			buildPhases = (
				2A259E372035381B004F82C4 /* Sources */,
				2A259E382035381B004F82C4 /* Frameworks */,
				2A259E392035381B004F82C4 /* Resources */,
			);
			buildRules = (
			);
			dependencies = (
				2A259E3D2035381B004F82C4 /* PBXTargetDependency */,
			);
			name = testUITests;
			productName = testUITests;
			productReference = 2A259E3B2035381B004F82C4 /* testUITests.xctest */;
			productType = "com.apple.product-type.bundle.ui-testing";
		};
/* End PBXNativeTarget section */

/* Begin PBXProject section */
		2A259E142035381A004F82C4 /* Project object */ = {
			isa = PBXProject;
			attributes = {
				LastSwiftUpdateCheck = 0920;
				LastUpgradeCheck = 0920;
				ORGANIZATIONNAME = "masaya ishigami";
				TargetAttributes = {
					2A259E1B2035381A004F82C4 = {
						CreatedOnToolsVersion = 9.2;
						ProvisioningStyle = Automatic;
					};
					2A259E2F2035381B004F82C4 = {
						CreatedOnToolsVersion = 9.2;
						ProvisioningStyle = Automatic;
						TestTargetID = 2A259E1B2035381A004F82C4;
					};
					2A259E3A2035381B004F82C4 = {
						CreatedOnToolsVersion = 9.2;
						ProvisioningStyle = Automatic;
						TestTargetID = 2A259E1B2035381A004F82C4;
					};
				};
			};
			buildConfigurationList = 2A259E172035381A004F82C4 /* Build configuration list for PBXProject "test" */;
			compatibilityVersion = "Xcode 8.0";
			developmentRegion = en;
			hasScannedForEncodings = 0;
			knownRegions = (
				en,
				Base,
			);
			mainGroup = 2A259E132035381A004F82C4;
			productRefGroup = 2A259E1D2035381A004F82C4 /* Products */;
			projectDirPath = "";
			projectRoot = "";
			targets = (
				2A259E1B2035381A004F82C4 /* test */,
				2A259E2F2035381B004F82C4 /* testTests */,
				2A259E3A2035381B004F82C4 /* testUITests */,
			);
		};
/* End PBXProject section */

/* Begin PBXResourcesBuildPhase section */
		2A259E1A2035381A004F82C4 /* Resources */ = {
			isa = PBXResourcesBuildPhase;
			buildActionMask = 2147483647;
			files = (
				2A259E2A2035381A004F82C4 /* LaunchScreen.storyboard in Resources */,
				2A259E272035381A004F82C4 /* Assets.xcassets in Resources */,
				2A259E252035381A004F82C4 /* Main.storyboard in Resources */,
			);
			runOnlyForDeploymentPostprocessing = 0;
		};
		2A259E2E2035381B004F82C4 /* Resources */ = {
			isa = PBXResourcesBuildPhase;
			buildActionMask = 2147483647;
			files = (
			);
			runOnlyForDeploymentPostprocessing = 0;
		};
		2A259E392035381B004F82C4 /* Resources */ = {
			isa = PBXResourcesBuildPhase;
			buildActionMask = 2147483647;
			files = (
			);
			runOnlyForDeploymentPostprocessing = 0;
		};
/* End PBXResourcesBuildPhase section */

/* Begin PBXSourcesBuildPhase section */
		2A259E182035381A004F82C4 /* Sources */ = {
			isa = PBXSourcesBuildPhase;
			buildActionMask = 2147483647;
			files = (
				2A259E222035381A004F82C4 /* ViewController.swift in Sources */,
				2A259E202035381A004F82C4 /* AppDelegate.swift in Sources */,
			);
			runOnlyForDeploymentPostprocessing = 0;
		};
		2A259E2C2035381B004F82C4 /* Sources */ = {
			isa = PBXSourcesBuildPhase;
			buildActionMask = 2147483647;
			files = (
				2A259E352035381B004F82C4 /* testTests.swift in Sources */,
			);
			runOnlyForDeploymentPostprocessing = 0;
		};
		2A259E372035381B004F82C4 /* Sources */ = {
			isa = PBXSourcesBuildPhase;
			buildActionMask = 2147483647;
			files = (
				2A259E402035381B004F82C4 /* testUITests.swift in Sources */,
			);
			runOnlyForDeploymentPostprocessing = 0;
		};
/* End PBXSourcesBuildPhase section */

/* Begin PBXTargetDependency section */
		2A259E322035381B004F82C4 /* PBXTargetDependency */ = {
			isa = PBXTargetDependency;
			target = 2A259E1B2035381A004F82C4 /* test */;
			targetProxy = 2A259E312035381B004F82C4 /* PBXContainerItemProxy */;
		};
		2A259E3D2035381B004F82C4 /* PBXTargetDependency */ = {
			isa = PBXTargetDependency;
			target = 2A259E1B2035381A004F82C4 /* test */;
			targetProxy = 2A259E3C2035381B004F82C4 /* PBXContainerItemProxy */;
		};
/* End PBXTargetDependency section */

/* Begin PBXVariantGroup section */
		2A259E232035381A004F82C4 /* Main.storyboard */ = {
			isa = PBXVariantGroup;
			children = (
				2A259E242035381A004F82C4 /* Base */,
			);
			name = Main.storyboard;
			sourceTree = "<group>";
		};
		2A259E282035381A004F82C4 /* LaunchScreen.storyboard */ = {
			isa = PBXVariantGroup;
			children = (
				2A259E292035381A004F82C4 /* Base */,
			);
			name = LaunchScreen.storyboard;
			sourceTree = "<group>";
		};
/* End PBXVariantGroup section */

/* Begin XCBuildConfiguration section */
		2A259E422035381B004F82C4 /* Debug */ = {
			isa = XCBuildConfiguration;
			buildSettings = {
				ALWAYS_SEARCH_USER_PATHS = NO;
				CLANG_ANALYZER_NONNULL = YES;
				CLANG_ANALYZER_NUMBER_OBJECT_CONVERSION = YES_AGGRESSIVE;
				CLANG_CXX_LANGUAGE_STANDARD = "gnu++14";
				CLANG_CXX_LIBRARY = "libc++";
				CLANG_ENABLE_MODULES = YES;
				CLANG_ENABLE_OBJC_ARC = YES;
				CLANG_WARN_BLOCK_CAPTURE_AUTORELEASING = YES;
				CLANG_WARN_BOOL_CONVERSION = YES;
				CLANG_WARN_COMMA = YES;
				CLANG_WARN_CONSTANT_CONVERSION = YES;
				CLANG_WARN_DIRECT_OBJC_ISA_USAGE = YES_ERROR;
				CLANG_WARN_DOCUMENTATION_COMMENTS = YES;
				CLANG_WARN_EMPTY_BODY = YES;
				CLANG_WARN_ENUM_CONVERSION = YES;
				CLANG_WARN_INFINITE_RECURSION = YES;
				CLANG_WARN_INT_CONVERSION = YES;
				CLANG_WARN_NON_LITERAL_NULL_CONVERSION = YES;
				CLANG_WARN_OBJC_LITERAL_CONVERSION = YES;
				CLANG_WARN_OBJC_ROOT_CLASS = YES_ERROR;
				CLANG_WARN_RANGE_LOOP_ANALYSIS = YES;
				CLANG_WARN_STRICT_PROTOTYPES = YES;
				CLANG_WARN_SUSPICIOUS_MOVE = YES;
				CLANG_WARN_UNGUARDED_AVAILABILITY = YES_AGGRESSIVE;
				CLANG_WARN_UNREACHABLE_CODE = YES;
				CLANG_WARN__DUPLICATE_METHOD_MATCH = YES;
				CODE_SIGN_IDENTITY = "iPhone Developer";
				COPY_PHASE_STRIP = NO;
				DEBUG_INFORMATION_FORMAT = dwarf;
				ENABLE_STRICT_OBJC_MSGSEND = YES;
				ENABLE_TESTABILITY = YES;
				GCC_C_LANGUAGE_STANDARD = gnu11;
				GCC_DYNAMIC_NO_PIC = NO;
				GCC_NO_COMMON_BLOCKS = YES;
				GCC_OPTIMIZATION_LEVEL = 0;
				GCC_PREPROCESSOR_DEFINITIONS = (
					"DEBUG=1",
					"$(inherited)",
				);
				GCC_WARN_64_TO_32_BIT_CONVERSION = YES;
				GCC_WARN_ABOUT_RETURN_TYPE = YES_ERROR;
				GCC_WARN_UNDECLARED_SELECTOR = YES;
				GCC_WARN_UNINITIALIZED_AUTOS = YES_AGGRESSIVE;
				GCC_WARN_UNUSED_FUNCTION = YES;
				GCC_WARN_UNUSED_VARIABLE = YES;
				IPHONEOS_DEPLOYMENT_TARGET = 11.2;
				MTL_ENABLE_DEBUG_INFO = YES;
				ONLY_ACTIVE_ARCH = YES;
				SDKROOT = iphoneos;
				SWIFT_ACTIVE_COMPILATION_CONDITIONS = DEBUG;
				SWIFT_OPTIMIZATION_LEVEL = "-Onone";
			};
			name = Debug;
		};
		2A259E432035381B004F82C4 /* Release */ = {
			isa = XCBuildConfiguration;
			buildSettings = {
				ALWAYS_SEARCH_USER_PATHS = NO;
				CLANG_ANALYZER_NONNULL = YES;
				CLANG_ANALYZER_NUMBER_OBJECT_CONVERSION = YES_AGGRESSIVE;
				CLANG_CXX_LANGUAGE_STANDARD = "gnu++14";
				CLANG_CXX_LIBRARY = "libc++";
				CLANG_ENABLE_MODULES = YES;
				CLANG_ENABLE_OBJC_ARC = YES;
				CLANG_WARN_BLOCK_CAPTURE_AUTORELEASING = YES;
				CLANG_WARN_BOOL_CONVERSION = YES;
				CLANG_WARN_COMMA = YES;
				CLANG_WARN_CONSTANT_CONVERSION = YES;
				CLANG_WARN_DIRECT_OBJC_ISA_USAGE = YES_ERROR;
				CLANG_WARN_DOCUMENTATION_COMMENTS = YES;
				CLANG_WARN_EMPTY_BODY = YES;
				CLANG_WARN_ENUM_CONVERSION = YES;
				CLANG_WARN_INFINITE_RECURSION = YES;
				CLANG_WARN_INT_CONVERSION = YES;
				CLANG_WARN_NON_LITERAL_NULL_CONVERSION = YES;
				CLANG_WARN_OBJC_LITERAL_CONVERSION = YES;
				CLANG_WARN_OBJC_ROOT_CLASS = YES_ERROR;
				CLANG_WARN_RANGE_LOOP_ANALYSIS = YES;
				CLANG_WARN_STRICT_PROTOTYPES = YES;
				CLANG_WARN_SUSPICIOUS_MOVE = YES;
				CLANG_WARN_UNGUARDED_AVAILABILITY = YES_AGGRESSIVE;
				CLANG_WARN_UNREACHABLE_CODE = YES;
				CLANG_WARN__DUPLICATE_METHOD_MATCH = YES;
				CODE_SIGN_IDENTITY = "iPhone Developer";
				COPY_PHASE_STRIP = NO;
				DEBUG_INFORMATION_FORMAT = "dwarf-with-dsym";
				ENABLE_NS_ASSERTIONS = NO;
				ENABLE_STRICT_OBJC_MSGSEND = YES;
				GCC_C_LANGUAGE_STANDARD = gnu11;
				GCC_NO_COMMON_BLOCKS = YES;
				GCC_WARN_64_TO_32_BIT_CONVERSION = YES;
				GCC_WARN_ABOUT_RETURN_TYPE = YES_ERROR;
				GCC_WARN_UNDECLARED_SELECTOR = YES;
				GCC_WARN_UNINITIALIZED_AUTOS = YES_AGGRESSIVE;
				GCC_WARN_UNUSED_FUNCTION = YES;
				GCC_WARN_UNUSED_VARIABLE = YES;
				IPHONEOS_DEPLOYMENT_TARGET = 11.2;
				MTL_ENABLE_DEBUG_INFO = NO;
				SDKROOT = iphoneos;
				SWIFT_OPTIMIZATION_LEVEL = "-Owholemodule";
				VALIDATE_PRODUCT = YES;
			};
			name = Release;
		};
		2A259E452035381B004F82C4 /* Debug */ = {
			isa = XCBuildConfiguration;
			buildSettings = {
				ASSETCATALOG_COMPILER_APPICON_NAME = AppIcon;
				CODE_SIGN_STYLE = Automatic;
				DEVELOPMENT_TEAM = 45LU3F42R6;
				INFOPLIST_FILE = test/Info.plist;
				LD_RUNPATH_SEARCH_PATHS = "$(inherited) @executable_path/Frameworks";
				PRODUCT_BUNDLE_IDENTIFIER = test.test;
				PRODUCT_NAME = "$(TARGET_NAME)";
				SWIFT_VERSION = 4.0;
				TARGETED_DEVICE_FAMILY = "1,2";
			};
			name = Debug;
		};
		2A259E462035381B004F82C4 /* Release */ = {
			isa = XCBuildConfiguration;
			buildSettings = {
				ASSETCATALOG_COMPILER_APPICON_NAME = AppIcon;
				CODE_SIGN_STYLE = Automatic;
				DEVELOPMENT_TEAM = 45LU3F42R6;
				INFOPLIST_FILE = test/Info.plist;
				LD_RUNPATH_SEARCH_PATHS = "$(inherited) @executable_path/Frameworks";
				PRODUCT_BUNDLE_IDENTIFIER = test.test;
				PRODUCT_NAME = "$(TARGET_NAME)";
				SWIFT_VERSION = 4.0;
				TARGETED_DEVICE_FAMILY = "1,2";
			};
			name = Release;
		};
		2A259E482035381B004F82C4 /* Debug */ = {
			isa = XCBuildConfiguration;
			buildSettings = {
				ALWAYS_EMBED_SWIFT_STANDARD_LIBRARIES = YES;
				BUNDLE_LOADER = "$(TEST_HOST)";
				CODE_SIGN_STYLE = Automatic;
				DEVELOPMENT_TEAM = 45LU3F42R6;
				INFOPLIST_FILE = testTests/Info.plist;
				LD_RUNPATH_SEARCH_PATHS = "$(inherited) @executable_path/Frameworks @loader_path/Frameworks";
				PRODUCT_BUNDLE_IDENTIFIER = test.testTests;
				PRODUCT_NAME = "$(TARGET_NAME)";
				SWIFT_VERSION = 4.0;
				TARGETED_DEVICE_FAMILY = "1,2";
				TEST_HOST = "$(BUILT_PRODUCTS_DIR)/test.app/test";
			};
			name = Debug;
		};
		2A259E492035381B004F82C4 /* Release */ = {
			isa = XCBuildConfiguration;
			buildSettings = {
				ALWAYS_EMBED_SWIFT_STANDARD_LIBRARIES = YES;
				BUNDLE_LOADER = "$(TEST_HOST)";
				CODE_SIGN_STYLE = Automatic;
				DEVELOPMENT_TEAM = 45LU3F42R6;
				INFOPLIST_FILE = testTests/Info.plist;
				LD_RUNPATH_SEARCH_PATHS = "$(inherited) @executable_path/Frameworks @loader_path/Frameworks";
				PRODUCT_BUNDLE_IDENTIFIER = test.testTests;
				PRODUCT_NAME = "$(TARGET_NAME)";
				SWIFT_VERSION = 4.0;
				TARGETED_DEVICE_FAMILY = "1,2";
				TEST_HOST = "$(BUILT_PRODUCTS_DIR)/test.app/test";
			};
			name = Release;
		};
		2A259E4B2035381B004F82C4 /* Debug */ = {
			isa = XCBuildConfiguration;
			buildSettings = {
				ALWAYS_EMBED_SWIFT_STANDARD_LIBRARIES = YES;
				CODE_SIGN_STYLE = Automatic;
				DEVELOPMENT_TEAM = 45LU3F42R6;
				INFOPLIST_FILE = testUITests/Info.plist;
				LD_RUNPATH_SEARCH_PATHS = "$(inherited) @executable_path/Frameworks @loader_path/Frameworks";
				PRODUCT_BUNDLE_IDENTIFIER = test.testUITests;
				PRODUCT_NAME = "$(TARGET_NAME)";
				SWIFT_VERSION = 4.0;
				TARGETED_DEVICE_FAMILY = "1,2";
				TEST_TARGET_NAME = test;
			};
			name = Debug;
		};
		2A259E4C2035381B004F82C4 /* Release */ = {
			isa = XCBuildConfiguration;
			buildSettings = {
				ALWAYS_EMBED_SWIFT_STANDARD_LIBRARIES = YES;
				CODE_SIGN_STYLE = Automatic;
				DEVELOPMENT_TEAM = 45LU3F42R6;
				INFOPLIST_FILE = testUITests/Info.plist;
				LD_RUNPATH_SEARCH_PATHS = "$(inherited) @executable_path/Frameworks @loader_path/Frameworks";
				PRODUCT_BUNDLE_IDENTIFIER = test.testUITests;
				PRODUCT_NAME = "$(TARGET_NAME)";
				SWIFT_VERSION = 4.0;
				TARGETED_DEVICE_FAMILY = "1,2";
				TEST_TARGET_NAME = test;
			};
			name = Release;
		};
/* End XCBuildConfiguration section */

/* Begin XCConfigurationList section */
		2A259E172035381A004F82C4 /* Build configuration list for PBXProject "test" */ = {
			isa = XCConfigurationList;
			buildConfigurations = (
				2A259E422035381B004F82C4 /* Debug */,
				2A259E432035381B004F82C4 /* Release */,
			);
			defaultConfigurationIsVisible = 0;
			defaultConfigurationName = Release;
		};
		2A259E442035381B004F82C4 /* Build configuration list for PBXNativeTarget "test" */ = {
			isa = XCConfigurationList;
			buildConfigurations = (
				2A259E452035381B004F82C4 /* Debug */,
				2A259E462035381B004F82C4 /* Release */,
			);
			defaultConfigurationIsVisible = 0;
			defaultConfigurationName = Release;
		};
		2A259E472035381B004F82C4 /* Build configuration list for PBXNativeTarget "testTests" */ = {
			isa = XCConfigurationList;
			buildConfigurations = (
				2A259E482035381B004F82C4 /* Debug */,
				2A259E492035381B004F82C4 /* Release */,
			);
			defaultConfigurationIsVisible = 0;
			defaultConfigurationName = Release;
		};
		2A259E4A2035381B004F82C4 /* Build configuration list for PBXNativeTarget "testUITests" */ = {
			isa = XCConfigurationList;
			buildConfigurations = (
				2A259E4B2035381B004F82C4 /* Debug */,
				2A259E4C2035381B004F82C4 /* Release */,
			);
			defaultConfigurationIsVisible = 0;
			defaultConfigurationName = Release;
		};
/* End XCConfigurationList section */
	};
	rootObject = 2A259E142035381A004F82C4 /* Project object */;
}
